
Microsoft Visual Studio Solution File, Format Version 12.00
# Visual Studio Version 16
VisualStudioVersion = 16.0.31321.278
MinimumVisualStudioVersion = 10.0.40219.1
Project("{8BC9CEB8-8B4A-11D0-8D11-00A0C91BC942}") = "三子棋游戏", "三子棋游戏\三子棋游戏.vcxproj", "{FFE192F0-3A39-4092-8CB6-965DB2E504E1}"
EndProject
Global
	GlobalSection(SolutionConfigurationPlatforms) = preSolution
		Debug|x64 = Debug|x64
		Debug|x86 = Debug|x86
		Release|x64 = Release|x64
		Release|x86 = Release|x86
	EndGlobalSection
	GlobalSection(ProjectConfigurationPlatforms) = postSolution
		{FFE192F0-3A39-4092-8CB6-965DB2E504E1}.Debug|x64.ActiveCfg = Debug|x64
		{FFE192F0-3A39-4092-8CB6-965DB2E504E1}.Debug|x64.Build.0 = Debug|x64
		{FFE192F0-3A39-4092-8CB6-965DB2E504E1}.Debug|x86.ActiveCfg = Debug|Win32
		{FFE192F0-3A39-4092-8CB6-965DB2E504E1}.Debug|x86.Build.0 = Debug|Win32
		{FFE192F0-3A39-4092-8CB6-965DB2E504E1}.Release|x64.ActiveCfg = Release|x64
		{FFE192F0-3A39-4092-8CB6-965DB2E504E1}.Release|x64.Build.0 = Release|x64
		{FFE192F0-3A39-4092-8CB6-965DB2E504E1}.Release|x86.ActiveCfg = Release|Win32
		{FFE192F0-3A39-4092-8CB6-965DB2E504E1}.Release|x86.Build.0 = Release|Win32
	EndGlobalSection
	GlobalSection(SolutionProperties) = preSolution
		HideSolutionNode = FALSE
	EndGlobalSection
	GlobalSection(ExtensibilityGlobals) = postSolution
		SolutionGuid = {FCA7DFDD-B4D0-48AB-AD7F-926A9EE4C8CA}
	EndGlobalSection
EndGlobal
